
Microsoft Visual Studio Solution File, Format Version 12.00
# Visual Studio Version 17
VisualStudioVersion = 17.11.35312.102
MinimumVisualStudioVersion = 10.0.40219.1
Project("{FAE04EC0-301F-11D3-BF4B-00C04F79EFBC}") = "BookPlatform.Web", "BookPlatform.Web\BookPlatform.Web.csproj", "{4C12D4E7-2C0B-4485-A7E2-4CC5DC90F662}"
EndProject
Global
	GlobalSection(SolutionConfigurationPlatforms) = preSolution
		Debug|Any CPU = Debug|Any CPU
		Release|Any CPU = Release|Any CPU
	EndGlobalSection
	GlobalSection(ProjectConfigurationPlatforms) = postSolution
		{4C12D4E7-2C0B-4485-A7E2-4CC5DC90F662}.Debug|Any CPU.ActiveCfg = Debug|Any CPU
		{4C12D4E7-2C0B-4485-A7E2-4CC5DC90F662}.Debug|Any CPU.Build.0 = Debug|Any CPU
		{4C12D4E7-2C0B-4485-A7E2-4CC5DC90F662}.Release|Any CPU.ActiveCfg = Release|Any CPU
		{4C12D4E7-2C0B-4485-A7E2-4CC5DC90F662}.Release|Any CPU.Build.0 = Release|Any CPU
	EndGlobalSection
	GlobalSection(SolutionProperties) = preSolution
		HideSolutionNode = FALSE
	EndGlobalSection
	GlobalSection(ExtensibilityGlobals) = postSolution
		SolutionGuid = {0958ABE2-B669-4C41-973A-D182E5901ABA}
	EndGlobalSection
EndGlobal
